// !$*UTF8*$!
{
	archiveVersion = 1;
	classes = {
	};
	objectVersion = 50;
	objects = {

/* Begin PBXBuildFile section */
		3003411021BF5E01009C1559 /* AppDelegate.swift in Sources */ = {isa = PBXBuildFile; fileRef = 3003410F21BF5E01009C1559 /* AppDelegate.swift */; };
		3003411221BF5E01009C1559 /* ViewController.swift in Sources */ = {isa = PBXBuildFile; fileRef = 3003411121BF5E01009C1559 /* ViewController.swift */; };
		3003411521BF5E01009C1559 /* Main.storyboard in Resources */ = {isa = PBXBuildFile; fileRef = 3003411321BF5E01009C1559 /* Main.storyboard */; };
		3003411721BF5E03009C1559 /* Assets.xcassets in Resources */ = {isa = PBXBuildFile; fileRef = 3003411621BF5E03009C1559 /* Assets.xcassets */; };
		3003411A21BF5E03009C1559 /* LaunchScreen.storyboard in Resources */ = {isa = PBXBuildFile; fileRef = 3003411821BF5E03009C1559 /* LaunchScreen.storyboard */; };
		3003412521BF5E03009C1559 /* CropImageBubbelWeekTests.swift in Sources */ = {isa = PBXBuildFile; fileRef = 3003412421BF5E03009C1559 /* CropImageBubbelWeekTests.swift */; };
		3003413021BF5E03009C1559 /* CropImageBubbelWeekUITests.swift in Sources */ = {isa = PBXBuildFile; fileRef = 3003412F21BF5E03009C1559 /* CropImageBubbelWeekUITests.swift */; };
/* End PBXBuildFile section */

/* Begin PBXContainerItemProxy section */
		3003412121BF5E03009C1559 /* PBXContainerItemProxy */ = {
			isa = PBXContainerItemProxy;
			containerPortal = 3003410421BF5E01009C1559 /* Project object */;
			proxyType = 1;
			remoteGlobalIDString = 3003410B21BF5E01009C1559;
			remoteInfo = CropImageBubbelWeek;
		};
		3003412C21BF5E03009C1559 /* PBXContainerItemProxy */ = {
			isa = PBXContainerItemProxy;
			containerPortal = 3003410421BF5E01009C1559 /* Project object */;
			proxyType = 1;
			remoteGlobalIDString = 3003410B21BF5E01009C1559;
			remoteInfo = CropImageBubbelWeek;
		};
/* End PBXContainerItemProxy section */

/* Begin PBXFileReference section */
		3003410C21BF5E01009C1559 /* CropImageBubbelWeek.app */ = {isa = PBXFileReference; explicitFileType = wrapper.application; includeInIndex = 0; path = CropImageBubbelWeek.app; sourceTree = BUILT_PRODUCTS_DIR; };
		3003410F21BF5E01009C1559 /* AppDelegate.swift */ = {isa = PBXFileReference; lastKnownFileType = sourcecode.swift; path = AppDelegate.swift; sourceTree = "<group>"; };
		3003411121BF5E01009C1559 /* ViewController.swift */ = {isa = PBXFileReference; lastKnownFileType = sourcecode.swift; path = ViewController.swift; sourceTree = "<group>"; };
		3003411421BF5E01009C1559 /* Base */ = {isa = PBXFileReference; lastKnownFileType = file.storyboard; name = Base; path = Base.lproj/Main.storyboard; sourceTree = "<group>"; };
		3003411621BF5E03009C1559 /* Assets.xcassets */ = {isa = PBXFileReference; lastKnownFileType = folder.assetcatalog; path = Assets.xcassets; sourceTree = "<group>"; };
		3003411921BF5E03009C1559 /* Base */ = {isa = PBXFileReference; lastKnownFileType = file.storyboard; name = Base; path = Base.lproj/LaunchScreen.storyboard; sourceTree = "<group>"; };
		3003411B21BF5E03009C1559 /* Info.plist */ = {isa = PBXFileReference; lastKnownFileType = text.plist.xml; path = Info.plist; sourceTree = "<group>"; };
		3003412021BF5E03009C1559 /* CropImageBubbelWeekTests.xctest */ = {isa = PBXFileReference; explicitFileType = wrapper.cfbundle; includeInIndex = 0; path = CropImageBubbelWeekTests.xctest; sourceTree = BUILT_PRODUCTS_DIR; };
		3003412421BF5E03009C1559 /* CropImageBubbelWeekTests.swift */ = {isa = PBXFileReference; lastKnownFileType = sourcecode.swift; path = CropImageBubbelWeekTests.swift; sourceTree = "<group>"; };
		3003412621BF5E03009C1559 /* Info.plist */ = {isa = PBXFileReference; lastKnownFileType = text.plist.xml; path = Info.plist; sourceTree = "<group>"; };
		3003412B21BF5E03009C1559 /* CropImageBubbelWeekUITests.xctest */ = {isa = PBXFileReference; explicitFileType = wrapper.cfbundle; includeInIndex = 0; path = CropImageBubbelWeekUITests.xctest; sourceTree = BUILT_PRODUCTS_DIR; };
		3003412F21BF5E03009C1559 /* CropImageBubbelWeekUITests.swift */ = {isa = PBXFileReference; lastKnownFileType = sourcecode.swift; path = CropImageBubbelWeekUITests.swift; sourceTree = "<group>"; };
		3003413121BF5E03009C1559 /* Info.plist */ = {isa = PBXFileReference; lastKnownFileType = text.plist.xml; path = Info.plist; sourceTree = "<group>"; };
/* End PBXFileReference section */

/* Begin PBXFrameworksBuildPhase section */
		3003410921BF5E01009C1559 /* Frameworks */ = {
			isa = PBXFrameworksBuildPhase;
			buildActionMask = 2147483647;
			files = (
			);
			runOnlyForDeploymentPostprocessing = 0;
		};
		3003411D21BF5E03009C1559 /* Frameworks */ = {
			isa = PBXFrameworksBuildPhase;
			buildActionMask = 2147483647;
			files = (
			);
			runOnlyForDeploymentPostprocessing = 0;
		};
		3003412821BF5E03009C1559 /* Frameworks */ = {
			isa = PBXFrameworksBuildPhase;
			buildActionMask = 2147483647;
			files = (
			);
			runOnlyForDeploymentPostprocessing = 0;
		};
/* End PBXFrameworksBuildPhase section */

/* Begin PBXGroup section */
		3003410321BF5E01009C1559 = {
			isa = PBXGroup;
			children = (
				3003410E21BF5E01009C1559 /* CropImageBubbelWeek */,
				3003412321BF5E03009C1559 /* CropImageBubbelWeekTests */,
				3003412E21BF5E03009C1559 /* CropImageBubbelWeekUITests */,
				3003410D21BF5E01009C1559 /* Products */,
			);
			sourceTree = "<group>";
		};
		3003410D21BF5E01009C1559 /* Products */ = {
			isa = PBXGroup;
			children = (
				3003410C21BF5E01009C1559 /* CropImageBubbelWeek.app */,
				3003412021BF5E03009C1559 /* CropImageBubbelWeekTests.xctest */,
				3003412B21BF5E03009C1559 /* CropImageBubbelWeekUITests.xctest */,
			);
			name = Products;
			sourceTree = "<group>";
		};
		3003410E21BF5E01009C1559 /* CropImageBubbelWeek */ = {
			isa = PBXGroup;
			children = (
				3003410F21BF5E01009C1559 /* AppDelegate.swift */,
				3003411121BF5E01009C1559 /* ViewController.swift */,
				3003411321BF5E01009C1559 /* Main.storyboard */,
				3003411621BF5E03009C1559 /* Assets.xcassets */,
				3003411821BF5E03009C1559 /* LaunchScreen.storyboard */,
				3003411B21BF5E03009C1559 /* Info.plist */,
			);
			path = CropImageBubbelWeek;
			sourceTree = "<group>";
		};
		3003412321BF5E03009C1559 /* CropImageBubbelWeekTests */ = {
			isa = PBXGroup;
			children = (
				3003412421BF5E03009C1559 /* CropImageBubbelWeekTests.swift */,
				3003412621BF5E03009C1559 /* Info.plist */,
			);
			path = CropImageBubbelWeekTests;
			sourceTree = "<group>";
		};
		3003412E21BF5E03009C1559 /* CropImageBubbelWeekUITests */ = {
			isa = PBXGroup;
			children = (
				3003412F21BF5E03009C1559 /* CropImageBubbelWeekUITests.swift */,
				3003413121BF5E03009C1559 /* Info.plist */,
			);
			path = CropImageBubbelWeekUITests;
			sourceTree = "<group>";
		};
/* End PBXGroup section */

/* Begin PBXNativeTarget section */
		3003410B21BF5E01009C1559 /* CropImageBubbelWeek */ = {
			isa = PBXNativeTarget;
			buildConfigurationList = 3003413421BF5E03009C1559 /* Build configuration list for PBXNativeTarget "CropImageBubbelWeek" */;
			buildPhases = (
				3003410821BF5E01009C1559 /* Sources */,
				3003410921BF5E01009C1559 /* Frameworks */,
				3003410A21BF5E01009C1559 /* Resources */,
			);
			buildRules = (
			);
			dependencies = (
			);
			name = CropImageBubbelWeek;
			productName = CropImageBubbelWeek;
			productReference = 3003410C21BF5E01009C1559 /* CropImageBubbelWeek.app */;
			productType = "com.apple.product-type.application";
		};
		3003411F21BF5E03009C1559 /* CropImageBubbelWeekTests */ = {
			isa = PBXNativeTarget;
			buildConfigurationList = 3003413721BF5E03009C1559 /* Build configuration list for PBXNativeTarget "CropImageBubbelWeekTests" */;
			buildPhases = (
				3003411C21BF5E03009C1559 /* Sources */,
				3003411D21BF5E03009C1559 /* Frameworks */,
				3003411E21BF5E03009C1559 /* Resources */,
			);
			buildRules = (
			);
			dependencies = (
				3003412221BF5E03009C1559 /* PBXTargetDependency */,
			);
			name = CropImageBubbelWeekTests;
			productName = CropImageBubbelWeekTests;
			productReference = 3003412021BF5E03009C1559 /* CropImageBubbelWeekTests.xctest */;
			productType = "com.apple.product-type.bundle.unit-test";
		};
		3003412A21BF5E03009C1559 /* CropImageBubbelWeekUITests */ = {
			isa = PBXNativeTarget;
			buildConfigurationList = 3003413A21BF5E03009C1559 /* Build configuration list for PBXNativeTarget "CropImageBubbelWeekUITests" */;
			buildPhases = (
				3003412721BF5E03009C1559 /* Sources */,
				3003412821BF5E03009C1559 /* Frameworks */,
				3003412921BF5E03009C1559 /* Resources */,
			);
			buildRules = (
			);
			dependencies = (
				3003412D21BF5E03009C1559 /* PBXTargetDependency */,
			);
			name = CropImageBubbelWeekUITests;
			productName = CropImageBubbelWeekUITests;
			productReference = 3003412B21BF5E03009C1559 /* CropImageBubbelWeekUITests.xctest */;
			productType = "com.apple.product-type.bundle.ui-testing";
		};
/* End PBXNativeTarget section */

/* Begin PBXProject section */
		3003410421BF5E01009C1559 /* Project object */ = {
			isa = PBXProject;
			attributes = {
				LastSwiftUpdateCheck = 1000;
				LastUpgradeCheck = 1000;
				ORGANIZATIONNAME = Danitza;
				TargetAttributes = {
					3003410B21BF5E01009C1559 = {
						CreatedOnToolsVersion = 10.0;
					};
					3003411F21BF5E03009C1559 = {
						CreatedOnToolsVersion = 10.0;
						TestTargetID = 3003410B21BF5E01009C1559;
					};
					3003412A21BF5E03009C1559 = {
						CreatedOnToolsVersion = 10.0;
						TestTargetID = 3003410B21BF5E01009C1559;
					};
				};
			};
			buildConfigurationList = 3003410721BF5E01009C1559 /* Build configuration list for PBXProject "CropImageBubbelWeek" */;
			compatibilityVersion = "Xcode 9.3";
			developmentRegion = en;
			hasScannedForEncodings = 0;
			knownRegions = (
				en,
				Base,
			);
			mainGroup = 3003410321BF5E01009C1559;
			productRefGroup = 3003410D21BF5E01009C1559 /* Products */;
			projectDirPath = "";
			projectRoot = "";
			targets = (
				3003410B21BF5E01009C1559 /* CropImageBubbelWeek */,
				3003411F21BF5E03009C1559 /* CropImageBubbelWeekTests */,
				3003412A21BF5E03009C1559 /* CropImageBubbelWeekUITests */,
			);
		};
/* End PBXProject section */

/* Begin PBXResourcesBuildPhase section */
		3003410A21BF5E01009C1559 /* Resources */ = {
			isa = PBXResourcesBuildPhase;
			buildActionMask = 2147483647;
			files = (
				3003411A21BF5E03009C1559 /* LaunchScreen.storyboard in Resources */,
				3003411721BF5E03009C1559 /* Assets.xcassets in Resources */,
				3003411521BF5E01009C1559 /* Main.storyboard in Resources */,
			);
			runOnlyForDeploymentPostprocessing = 0;
		};
		3003411E21BF5E03009C1559 /* Resources */ = {
			isa = PBXResourcesBuildPhase;
			buildActionMask = 2147483647;
			files = (
			);
			runOnlyForDeploymentPostprocessing = 0;
		};
		3003412921BF5E03009C1559 /* Resources */ = {
			isa = PBXResourcesBuildPhase;
			buildActionMask = 2147483647;
			files = (
			);
			runOnlyForDeploymentPostprocessing = 0;
		};
/* End PBXResourcesBuildPhase section */

/* Begin PBXSourcesBuildPhase section */
		3003410821BF5E01009C1559 /* Sources */ = {
			isa = PBXSourcesBuildPhase;
			buildActionMask = 2147483647;
			files = (
				3003411221BF5E01009C1559 /* ViewController.swift in Sources */,
				3003411021BF5E01009C1559 /* AppDelegate.swift in Sources */,
			);
			runOnlyForDeploymentPostprocessing = 0;
		};
		3003411C21BF5E03009C1559 /* Sources */ = {
			isa = PBXSourcesBuildPhase;
			buildActionMask = 2147483647;
			files = (
				3003412521BF5E03009C1559 /* CropImageBubbelWeekTests.swift in Sources */,
			);
			runOnlyForDeploymentPostprocessing = 0;
		};
		3003412721BF5E03009C1559 /* Sources */ = {
			isa = PBXSourcesBuildPhase;
			buildActionMask = 2147483647;
			files = (
				3003413021BF5E03009C1559 /* CropImageBubbelWeekUITests.swift in Sources */,
			);
			runOnlyForDeploymentPostprocessing = 0;
		};
/* End PBXSourcesBuildPhase section */

/* Begin PBXTargetDependency section */
		3003412221BF5E03009C1559 /* PBXTargetDependency */ = {
			isa = PBXTargetDependency;
			target = 3003410B21BF5E01009C1559 /* CropImageBubbelWeek */;
			targetProxy = 3003412121BF5E03009C1559 /* PBXContainerItemProxy */;
		};
		3003412D21BF5E03009C1559 /* PBXTargetDependency */ = {
			isa = PBXTargetDependency;
			target = 3003410B21BF5E01009C1559 /* CropImageBubbelWeek */;
			targetProxy = 3003412C21BF5E03009C1559 /* PBXContainerItemProxy */;
		};
/* End PBXTargetDependency section */

/* Begin PBXVariantGroup section */
		3003411321BF5E01009C1559 /* Main.storyboard */ = {
			isa = PBXVariantGroup;
			children = (
				3003411421BF5E01009C1559 /* Base */,
			);
			name = Main.storyboard;
			sourceTree = "<group>";
		};
		3003411821BF5E03009C1559 /* LaunchScreen.storyboard */ = {
			isa = PBXVariantGroup;
			children = (
				3003411921BF5E03009C1559 /* Base */,
			);
			name = LaunchScreen.storyboard;
			sourceTree = "<group>";
		};
/* End PBXVariantGroup section */

/* Begin XCBuildConfiguration section */
		3003413221BF5E03009C1559 /* Debug */ = {
			isa = XCBuildConfiguration;
			buildSettings = {
				ALWAYS_SEARCH_USER_PATHS = NO;
				CLANG_ANALYZER_NONNULL = YES;
				CLANG_ANALYZER_NUMBER_OBJECT_CONVERSION = YES_AGGRESSIVE;
				CLANG_CXX_LANGUAGE_STANDARD = "gnu++14";
				CLANG_CXX_LIBRARY = "libc++";
				CLANG_ENABLE_MODULES = YES;
				CLANG_ENABLE_OBJC_ARC = YES;
				CLANG_ENABLE_OBJC_WEAK = YES;
				CLANG_WARN_BLOCK_CAPTURE_AUTORELEASING = YES;
				CLANG_WARN_BOOL_CONVERSION = YES;
				CLANG_WARN_COMMA = YES;
				CLANG_WARN_CONSTANT_CONVERSION = YES;
				CLANG_WARN_DEPRECATED_OBJC_IMPLEMENTATIONS = YES;
				CLANG_WARN_DIRECT_OBJC_ISA_USAGE = YES_ERROR;
				CLANG_WARN_DOCUMENTATION_COMMENTS = YES;
				CLANG_WARN_EMPTY_BODY = YES;
				CLANG_WARN_ENUM_CONVERSION = YES;
				CLANG_WARN_INFINITE_RECURSION = YES;
				CLANG_WARN_INT_CONVERSION = YES;
				CLANG_WARN_NON_LITERAL_NULL_CONVERSION = YES;
				CLANG_WARN_OBJC_IMPLICIT_RETAIN_SELF = YES;
				CLANG_WARN_OBJC_LITERAL_CONVERSION = YES;
				CLANG_WARN_OBJC_ROOT_CLASS = YES_ERROR;
				CLANG_WARN_RANGE_LOOP_ANALYSIS = YES;
				CLANG_WARN_STRICT_PROTOTYPES = YES;
				CLANG_WARN_SUSPICIOUS_MOVE = YES;
				CLANG_WARN_UNGUARDED_AVAILABILITY = YES_AGGRESSIVE;
				CLANG_WARN_UNREACHABLE_CODE = YES;
				CLANG_WARN__DUPLICATE_METHOD_MATCH = YES;
				CODE_SIGN_IDENTITY = "iPhone Developer";
				COPY_PHASE_STRIP = NO;
				DEBUG_INFORMATION_FORMAT = dwarf;
				ENABLE_STRICT_OBJC_MSGSEND = YES;
				ENABLE_TESTABILITY = YES;
				GCC_C_LANGUAGE_STANDARD = gnu11;
				GCC_DYNAMIC_NO_PIC = NO;
				GCC_NO_COMMON_BLOCKS = YES;
				GCC_OPTIMIZATION_LEVEL = 0;
				GCC_PREPROCESSOR_DEFINITIONS = (
					"DEBUG=1",
					"$(inherited)",
				);
				GCC_WARN_64_TO_32_BIT_CONVERSION = YES;
				GCC_WARN_ABOUT_RETURN_TYPE = YES_ERROR;
				GCC_WARN_UNDECLARED_SELECTOR = YES;
				GCC_WARN_UNINITIALIZED_AUTOS = YES_AGGRESSIVE;
				GCC_WARN_UNUSED_FUNCTION = YES;
				GCC_WARN_UNUSED_VARIABLE = YES;
				IPHONEOS_DEPLOYMENT_TARGET = 12.0;
				MTL_ENABLE_DEBUG_INFO = INCLUDE_SOURCE;
				MTL_FAST_MATH = YES;
				ONLY_ACTIVE_ARCH = YES;
				SDKROOT = iphoneos;
				SWIFT_ACTIVE_COMPILATION_CONDITIONS = DEBUG;
				SWIFT_OPTIMIZATION_LEVEL = "-Onone";
			};
			name = Debug;
		};
		3003413321BF5E03009C1559 /* Release */ = {
			isa = XCBuildConfiguration;
			buildSettings = {
				ALWAYS_SEARCH_USER_PATHS = NO;
				CLANG_ANALYZER_NONNULL = YES;
				CLANG_ANALYZER_NUMBER_OBJECT_CONVERSION = YES_AGGRESSIVE;
				CLANG_CXX_LANGUAGE_STANDARD = "gnu++14";
				CLANG_CXX_LIBRARY = "libc++";
				CLANG_ENABLE_MODULES = YES;
				CLANG_ENABLE_OBJC_ARC = YES;
				CLANG_ENABLE_OBJC_WEAK = YES;
				CLANG_WARN_BLOCK_CAPTURE_AUTORELEASING = YES;
				CLANG_WARN_BOOL_CONVERSION = YES;
				CLANG_WARN_COMMA = YES;
				CLANG_WARN_CONSTANT_CONVERSION = YES;
				CLANG_WARN_DEPRECATED_OBJC_IMPLEMENTATIONS = YES;
				CLANG_WARN_DIRECT_OBJC_ISA_USAGE = YES_ERROR;
				CLANG_WARN_DOCUMENTATION_COMMENTS = YES;
				CLANG_WARN_EMPTY_BODY = YES;
				CLANG_WARN_ENUM_CONVERSION = YES;
				CLANG_WARN_INFINITE_RECURSION = YES;
				CLANG_WARN_INT_CONVERSION = YES;
				CLANG_WARN_NON_LITERAL_NULL_CONVERSION = YES;
				CLANG_WARN_OBJC_IMPLICIT_RETAIN_SELF = YES;
				CLANG_WARN_OBJC_LITERAL_CONVERSION = YES;
				CLANG_WARN_OBJC_ROOT_CLASS = YES_ERROR;
				CLANG_WARN_RANGE_LOOP_ANALYSIS = YES;
				CLANG_WARN_STRICT_PROTOTYPES = YES;
				CLANG_WARN_SUSPICIOUS_MOVE = YES;
				CLANG_WARN_UNGUARDED_AVAILABILITY = YES_AGGRESSIVE;
				CLANG_WARN_UNREACHABLE_CODE = YES;
				CLANG_WARN__DUPLICATE_METHOD_MATCH = YES;
				CODE_SIGN_IDENTITY = "iPhone Developer";
				COPY_PHASE_STRIP = NO;
				DEBUG_INFORMATION_FORMAT = "dwarf-with-dsym";
				ENABLE_NS_ASSERTIONS = NO;
				ENABLE_STRICT_OBJC_MSGSEND = YES;
				GCC_C_LANGUAGE_STANDARD = gnu11;
				GCC_NO_COMMON_BLOCKS = YES;
				GCC_WARN_64_TO_32_BIT_CONVERSION = YES;
				GCC_WARN_ABOUT_RETURN_TYPE = YES_ERROR;
				GCC_WARN_UNDECLARED_SELECTOR = YES;
				GCC_WARN_UNINITIALIZED_AUTOS = YES_AGGRESSIVE;
				GCC_WARN_UNUSED_FUNCTION = YES;
				GCC_WARN_UNUSED_VARIABLE = YES;
				IPHONEOS_DEPLOYMENT_TARGET = 12.0;
				MTL_ENABLE_DEBUG_INFO = NO;
				MTL_FAST_MATH = YES;
				SDKROOT = iphoneos;
				SWIFT_COMPILATION_MODE = wholemodule;
				SWIFT_OPTIMIZATION_LEVEL = "-O";
				VALIDATE_PRODUCT = YES;
			};
			name = Release;
		};
		3003413521BF5E03009C1559 /* Debug */ = {
			isa = XCBuildConfiguration;
			buildSettings = {
				ASSETCATALOG_COMPILER_APPICON_NAME = AppIcon;
				CODE_SIGN_STYLE = Automatic;
				INFOPLIST_FILE = CropImageBubbelWeek/Info.plist;
				LD_RUNPATH_SEARCH_PATHS = (
					"$(inherited)",
					"@executable_path/Frameworks",
				);
				PRODUCT_BUNDLE_IDENTIFIER = Home.CropImageBubbelWeek;
				PRODUCT_NAME = "$(TARGET_NAME)";
				SWIFT_VERSION = 4.2;
				TARGETED_DEVICE_FAMILY = "1,2";
			};
			name = Debug;
		};
		3003413621BF5E03009C1559 /* Release */ = {
			isa = XCBuildConfiguration;
			buildSettings = {
				ASSETCATALOG_COMPILER_APPICON_NAME = AppIcon;
				CODE_SIGN_STYLE = Automatic;
				INFOPLIST_FILE = CropImageBubbelWeek/Info.plist;
				LD_RUNPATH_SEARCH_PATHS = (
					"$(inherited)",
					"@executable_path/Frameworks",
				);
				PRODUCT_BUNDLE_IDENTIFIER = Home.CropImageBubbelWeek;
				PRODUCT_NAME = "$(TARGET_NAME)";
				SWIFT_VERSION = 4.2;
				TARGETED_DEVICE_FAMILY = "1,2";
			};
			name = Release;
		};
		3003413821BF5E03009C1559 /* Debug */ = {
			isa = XCBuildConfiguration;
			buildSettings = {
				ALWAYS_EMBED_SWIFT_STANDARD_LIBRARIES = YES;
				BUNDLE_LOADER = "$(TEST_HOST)";
				CODE_SIGN_STYLE = Automatic;
				INFOPLIST_FILE = CropImageBubbelWeekTests/Info.plist;
				LD_RUNPATH_SEARCH_PATHS = (
					"$(inherited)",
					"@executable_path/Frameworks",
					"@loader_path/Frameworks",
				);
				PRODUCT_BUNDLE_IDENTIFIER = Home.CropImageBubbelWeekTests;
				PRODUCT_NAME = "$(TARGET_NAME)";
				SWIFT_VERSION = 4.2;
				TARGETED_DEVICE_FAMILY = "1,2";
				TEST_HOST = "$(BUILT_PRODUCTS_DIR)/CropImageBubbelWeek.app/CropImageBubbelWeek";
			};
			name = Debug;
		};
		3003413921BF5E03009C1559 /* Release */ = {
			isa = XCBuildConfiguration;
			buildSettings = {
				ALWAYS_EMBED_SWIFT_STANDARD_LIBRARIES = YES;
				BUNDLE_LOADER = "$(TEST_HOST)";
				CODE_SIGN_STYLE = Automatic;
				INFOPLIST_FILE = CropImageBubbelWeekTests/Info.plist;
				LD_RUNPATH_SEARCH_PATHS = (
					"$(inherited)",
					"@executable_path/Frameworks",
					"@loader_path/Frameworks",
				);
				PRODUCT_BUNDLE_IDENTIFIER = Home.CropImageBubbelWeekTests;
				PRODUCT_NAME = "$(TARGET_NAME)";
				SWIFT_VERSION = 4.2;
				TARGETED_DEVICE_FAMILY = "1,2";
				TEST_HOST = "$(BUILT_PRODUCTS_DIR)/CropImageBubbelWeek.app/CropImageBubbelWeek";
			};
			name = Release;
		};
		3003413B21BF5E03009C1559 /* Debug */ = {
			isa = XCBuildConfiguration;
			buildSettings = {
				ALWAYS_EMBED_SWIFT_STANDARD_LIBRARIES = YES;
				CODE_SIGN_STYLE = Automatic;
				INFOPLIST_FILE = CropImageBubbelWeekUITests/Info.plist;
				LD_RUNPATH_SEARCH_PATHS = (
					"$(inherited)",
					"@executable_path/Frameworks",
					"@loader_path/Frameworks",
				);
				PRODUCT_BUNDLE_IDENTIFIER = Home.CropImageBubbelWeekUITests;
				PRODUCT_NAME = "$(TARGET_NAME)";
				SWIFT_VERSION = 4.2;
				TARGETED_DEVICE_FAMILY = "1,2";
				TEST_TARGET_NAME = CropImageBubbelWeek;
			};
			name = Debug;
		};
		3003413C21BF5E03009C1559 /* Release */ = {
			isa = XCBuildConfiguration;
			buildSettings = {
				ALWAYS_EMBED_SWIFT_STANDARD_LIBRARIES = YES;
				CODE_SIGN_STYLE = Automatic;
				INFOPLIST_FILE = CropImageBubbelWeekUITests/Info.plist;
				LD_RUNPATH_SEARCH_PATHS = (
					"$(inherited)",
					"@executable_path/Frameworks",
					"@loader_path/Frameworks",
				);
				PRODUCT_BUNDLE_IDENTIFIER = Home.CropImageBubbelWeekUITests;
				PRODUCT_NAME = "$(TARGET_NAME)";
				SWIFT_VERSION = 4.2;
				TARGETED_DEVICE_FAMILY = "1,2";
				TEST_TARGET_NAME = CropImageBubbelWeek;
			};
			name = Release;
		};
/* End XCBuildConfiguration section */

/* Begin XCConfigurationList section */
		3003410721BF5E01009C1559 /* Build configuration list for PBXProject "CropImageBubbelWeek" */ = {
			isa = XCConfigurationList;
			buildConfigurations = (
				3003413221BF5E03009C1559 /* Debug */,
				3003413321BF5E03009C1559 /* Release */,
			);
			defaultConfigurationIsVisible = 0;
			defaultConfigurationName = Release;
		};
		3003413421BF5E03009C1559 /* Build configuration list for PBXNativeTarget "CropImageBubbelWeek" */ = {
			isa = XCConfigurationList;
			buildConfigurations = (
				3003413521BF5E03009C1559 /* Debug */,
				3003413621BF5E03009C1559 /* Release */,
			);
			defaultConfigurationIsVisible = 0;
			defaultConfigurationName = Release;
		};
		3003413721BF5E03009C1559 /* Build configuration list for PBXNativeTarget "CropImageBubbelWeekTests" */ = {
			isa = XCConfigurationList;
			buildConfigurations = (
				3003413821BF5E03009C1559 /* Debug */,
				3003413921BF5E03009C1559 /* Release */,
			);
			defaultConfigurationIsVisible = 0;
			defaultConfigurationName = Release;
		};
		3003413A21BF5E03009C1559 /* Build configuration list for PBXNativeTarget "CropImageBubbelWeekUITests" */ = {
			isa = XCConfigurationList;
			buildConfigurations = (
				3003413B21BF5E03009C1559 /* Debug */,
				3003413C21BF5E03009C1559 /* Release */,
			);
			defaultConfigurationIsVisible = 0;
			defaultConfigurationName = Release;
		};
/* End XCConfigurationList section */
	};
	rootObject = 3003410421BF5E01009C1559 /* Project object */;
}
